{
  "nodes": {
    "homemanager": {
      "inputs": {
        "nixpkgs": [
          "nixpkgs"
        ]
      },
      "locked": {
        "lastModified": 1605480595,
        "narHash": "sha256-4mMH9tbtXwv0XUBQejBrSWIu2Hro1/ZbXUtOMAzn5nk=",
        "owner": "nix-community",
        "repo": "home-manager",
        "rev": "9e01441c5c1111cfd6f1d021c742949760f29d4f",
        "type": "github"
      },
      "original": {
        "owner": "nix-community",
        "repo": "home-manager",
        "type": "github"
      }
    },
    "nixpkgs": {
      "locked": {
        "lastModified": 1633528625,
        "narHash": "sha256-AGj5q58eHACAe0RQGxObrGwMUsjMozTsiznhsLCYisQ=",
        "owner": "NixOS",
        "repo": "nixpkgs",
        "rev": "5e2018f7b383aeca6824a30c0cd1978c9532a46a",
        "type": "github"
      },
      "original": {
        "owner": "NixOS",
        "ref": "nixos-unstable",
        "repo": "nixpkgs",
        "type": "github"
      }
    },
    "nixpkgs-stable": {
      "locked": {
        "lastModified": 1603918233,
        "narHash": "sha256-kc3v+TMNjJRiV9/HinAx7qsWI2wGPHToGnCeOYmahLI=",
        "owner": "NixOS",
        "repo": "nixpkgs",
        "rev": "edb26126d98bc696f4f3e206583faa65d3d6e818",
        "type": "github"
      },
      "original": {
        "owner": "NixOS",
        "ref": "nixos-20.09",
        "repo": "nixpkgs",
        "type": "github"
      }
    },
    "queezle-dotfiles": {
      "inputs": {
        "nixpkgs": [
          "nixpkgs"
        ]
      },
      "locked": {
        "host": "git.c3pb.de",
        "lastModified": 1617398433,
        "narHash": "sha256-iBo15+CcPMvXiUWarRQTW98bgoLAtM9FlRCKaYmPOvs=",
        "owner": "jens",
        "repo": "dotfiles",
        "rev": "e8caed809b4868cd043df3408595d5c1ae5c862e",
        "type": "gitlab"
      },
      "original": {
        "host": "git.c3pb.de",
        "owner": "jens",
        "repo": "dotfiles",
        "type": "gitlab"
      }
    },
    "root": {
      "inputs": {
        "homemanager": "homemanager",
        "nixpkgs": "nixpkgs",
        "nixpkgs-stable": "nixpkgs-stable",
        "queezle-dotfiles": "queezle-dotfiles",
        "wat": "wat"
      }
    },
    "wat": {
      "inputs": {
        "nixpkgs": [
          "nixpkgs"
        ]
      },
      "locked": {
        "lastModified": 1631478181,
        "narHash": "sha256-IB3uhDCInqB7UR93aJx8QdWAvXHwS5CFe1v87wLIB8Y=",
        "owner": "thelegy",
        "repo": "wat",
        "rev": "0c4722acce65bafdfab6f99bcef8f24b5f9b3255",
        "type": "github"
      },
      "original": {
        "owner": "thelegy",
        "repo": "wat",
        "type": "github"
      }
    }
  },
  "root": "root",
  "version": 7
}
